
Microsoft Visual Studio Solution File, Format Version 12.00
# Visual Studio 2013
VisualStudioVersion = 12.0.31101.0
MinimumVisualStudioVersion = 10.0.40219.1
Project("{FAE04EC0-301F-11D3-BF4B-00C04F79EFBC}") = "MainScanService", "MainScanService\MainScanService.csproj", "{0493418C-A9BC-434F-B003-F4911A07E737}"
EndProject
Project("{FAE04EC0-301F-11D3-BF4B-00C04F79EFBC}") = "ScanServiceServer", "ScanServiceServer\ScanServiceServer.csproj", "{4A916E9A-EEC8-475F-A341-B70DDADD71EE}"
EndProject
Global
	GlobalSection(SolutionConfigurationPlatforms) = preSolution
		Debug|Any CPU = Debug|Any CPU
		Release|Any CPU = Release|Any CPU
	EndGlobalSection
	GlobalSection(ProjectConfigurationPlatforms) = postSolution
		{0493418C-A9BC-434F-B003-F4911A07E737}.Debug|Any CPU.ActiveCfg = Debug|Any CPU
		{0493418C-A9BC-434F-B003-F4911A07E737}.Debug|Any CPU.Build.0 = Debug|Any CPU
		{0493418C-A9BC-434F-B003-F4911A07E737}.Release|Any CPU.ActiveCfg = Release|Any CPU
		{0493418C-A9BC-434F-B003-F4911A07E737}.Release|Any CPU.Build.0 = Release|Any CPU
		{4A916E9A-EEC8-475F-A341-B70DDADD71EE}.Debug|Any CPU.ActiveCfg = Debug|Any CPU
		{4A916E9A-EEC8-475F-A341-B70DDADD71EE}.Debug|Any CPU.Build.0 = Debug|Any CPU
		{4A916E9A-EEC8-475F-A341-B70DDADD71EE}.Release|Any CPU.ActiveCfg = Release|Any CPU
		{4A916E9A-EEC8-475F-A341-B70DDADD71EE}.Release|Any CPU.Build.0 = Release|Any CPU
	EndGlobalSection
	GlobalSection(SolutionProperties) = preSolution
		HideSolutionNode = FALSE
	EndGlobalSection
EndGlobal
